
Microsoft Visual Studio Solution File, Format Version 12.00
# Visual Studio 15
VisualStudioVersion = 15.0.28010.2041
MinimumVisualStudioVersion = 10.0.40219.1
Project("{FAE04EC0-301F-11D3-BF4B-00C04F79EFBC}") = "ChatProgramClient", "ChatProgramClient\ChatProgramClient.csproj", "{5BF3D029-00E8-4F45-82C6-A16E3DF743DE}"
EndProject
Global
	GlobalSection(SolutionConfigurationPlatforms) = preSolution
		Debug|Any CPU = Debug|Any CPU
		Debug|x64 = Debug|x64
		Release|Any CPU = Release|Any CPU
		Release|x64 = Release|x64
	EndGlobalSection
	GlobalSection(ProjectConfigurationPlatforms) = postSolution
		{5BF3D029-00E8-4F45-82C6-A16E3DF743DE}.Debug|Any CPU.ActiveCfg = Debug|Any CPU
		{5BF3D029-00E8-4F45-82C6-A16E3DF743DE}.Debug|Any CPU.Build.0 = Debug|Any CPU
		{5BF3D029-00E8-4F45-82C6-A16E3DF743DE}.Debug|x64.ActiveCfg = Debug|Any CPU
		{5BF3D029-00E8-4F45-82C6-A16E3DF743DE}.Debug|x64.Build.0 = Debug|Any CPU
		{5BF3D029-00E8-4F45-82C6-A16E3DF743DE}.Release|Any CPU.ActiveCfg = Release|Any CPU
		{5BF3D029-00E8-4F45-82C6-A16E3DF743DE}.Release|Any CPU.Build.0 = Release|Any CPU
		{5BF3D029-00E8-4F45-82C6-A16E3DF743DE}.Release|x64.ActiveCfg = Release|Any CPU
		{5BF3D029-00E8-4F45-82C6-A16E3DF743DE}.Release|x64.Build.0 = Release|Any CPU
	EndGlobalSection
	GlobalSection(SolutionProperties) = preSolution
		HideSolutionNode = FALSE
	EndGlobalSection
	GlobalSection(ExtensibilityGlobals) = postSolution
		SolutionGuid = {CFA7B77F-1B66-464C-A4E4-36800E784FFC}
	EndGlobalSection
EndGlobal
